
Microsoft Visual Studio Solution File, Format Version 12.00
# Visual Studio Version 16
VisualStudioVersion = 16.0.29519.181
MinimumVisualStudioVersion = 10.0.40219.1
Project("{888888A0-9F3D-457C-B088-3A5042F75D52}") = "source_code_reps", "source_code_reps.pyproj", "{00000045-EB60-422D-A233-AD9A96019703}"
EndProject
Global
	GlobalSection(SolutionConfigurationPlatforms) = preSolution
		Debug|Any CPU = Debug|Any CPU
		Release|Any CPU = Release|Any CPU
	EndGlobalSection
	GlobalSection(ProjectConfigurationPlatforms) = postSolution
		{00000045-EB60-422D-A233-AD9A96019703}.Debug|Any CPU.ActiveCfg = Debug|Any CPU
		{00000045-EB60-422D-A233-AD9A96019703}.Release|Any CPU.ActiveCfg = Release|Any CPU
	EndGlobalSection
	GlobalSection(SolutionProperties) = preSolution
		HideSolutionNode = FALSE
	EndGlobalSection
	GlobalSection(ExtensibilityGlobals) = postSolution
		SolutionGuid = {510F0B59-C7D9-4E08-B5D1-A0E0538AF4F8}
	EndGlobalSection
EndGlobal
